
Microsoft Visual Studio Solution File, Format Version 12.00
# Visual Studio 15
VisualStudioVersion = 15.0.28307.1000
MinimumVisualStudioVersion = 10.0.40219.1
Project("{9A19103F-16F7-4668-BE54-9A1E7A4F7556}") = "Robot Control", "Robot Control\Robot Control.csproj", "{880EBF98-3E2E-42D5-A896-1FD23CCD7276}"
EndProject
Project("{FAE04EC0-301F-11D3-BF4B-00C04F79EFBC}") = "XUnitTestProject1", "XUnitTestProject1\XUnitTestProject1.csproj", "{350A15B7-6923-4B10-85B3-6AE148066DAB}"
EndProject
Global
	GlobalSection(SolutionConfigurationPlatforms) = preSolution
		Debug|Any CPU = Debug|Any CPU
		Release|Any CPU = Release|Any CPU
	EndGlobalSection
	GlobalSection(ProjectConfigurationPlatforms) = postSolution
		{880EBF98-3E2E-42D5-A896-1FD23CCD7276}.Debug|Any CPU.ActiveCfg = Debug|Any CPU
		{880EBF98-3E2E-42D5-A896-1FD23CCD7276}.Debug|Any CPU.Build.0 = Debug|Any CPU
		{880EBF98-3E2E-42D5-A896-1FD23CCD7276}.Release|Any CPU.ActiveCfg = Release|Any CPU
		{880EBF98-3E2E-42D5-A896-1FD23CCD7276}.Release|Any CPU.Build.0 = Release|Any CPU
		{350A15B7-6923-4B10-85B3-6AE148066DAB}.Debug|Any CPU.ActiveCfg = Debug|Any CPU
		{350A15B7-6923-4B10-85B3-6AE148066DAB}.Debug|Any CPU.Build.0 = Debug|Any CPU
		{350A15B7-6923-4B10-85B3-6AE148066DAB}.Release|Any CPU.ActiveCfg = Release|Any CPU
		{350A15B7-6923-4B10-85B3-6AE148066DAB}.Release|Any CPU.Build.0 = Release|Any CPU
	EndGlobalSection
	GlobalSection(SolutionProperties) = preSolution
		HideSolutionNode = FALSE
	EndGlobalSection
	GlobalSection(ExtensibilityGlobals) = postSolution
		SolutionGuid = {6AD72E5A-4B4F-4E84-963A-3F7ED515940E}
	EndGlobalSection
EndGlobal
